// !$*UTF8*$!
{
	archiveVersion = 1;
	classes = {
	};
	objectVersion = 51;
	objects = {

/* Begin PBXBuildFile section */
		64AD016EFB9C7F72F730C8BA /* Pods_Promobit.framework in Frameworks */ = {isa = PBXBuildFile; fileRef = BA7CB50F433DBF17EA57B8B3 /* Pods_Promobit.framework */; };
		AE650D1825CEFF95008C6D4C /* AppDelegate.swift in Sources */ = {isa = PBXBuildFile; fileRef = AE650D1725CEFF95008C6D4C /* AppDelegate.swift */; };
		AE650D1C25CEFF95008C6D4C /* ViewController.swift in Sources */ = {isa = PBXBuildFile; fileRef = AE650D1B25CEFF95008C6D4C /* ViewController.swift */; };
		AE650D1F25CEFF95008C6D4C /* Main.storyboard in Resources */ = {isa = PBXBuildFile; fileRef = AE650D1D25CEFF95008C6D4C /* Main.storyboard */; };
		AE650D2225CEFF95008C6D4C /* Promobit.xcdatamodeld in Sources */ = {isa = PBXBuildFile; fileRef = AE650D2025CEFF95008C6D4C /* Promobit.xcdatamodeld */; };
		AE650D2425CEFF96008C6D4C /* Assets.xcassets in Resources */ = {isa = PBXBuildFile; fileRef = AE650D2325CEFF96008C6D4C /* Assets.xcassets */; };
		AE650D2725CEFF96008C6D4C /* LaunchScreen.storyboard in Resources */ = {isa = PBXBuildFile; fileRef = AE650D2525CEFF96008C6D4C /* LaunchScreen.storyboard */; };
		AE650D3325CF01F5008C6D4C /* UtilAppDelegateViewController.swift in Sources */ = {isa = PBXBuildFile; fileRef = AE650D3225CF01F5008C6D4C /* UtilAppDelegateViewController.swift */; };
		AE650D3825CF0807008C6D4C /* Contato.swift in Sources */ = {isa = PBXBuildFile; fileRef = AE650D3725CF0807008C6D4C /* Contato.swift */; };
		AE650D3B25CF09A0008C6D4C /* UtilInternet.swift in Sources */ = {isa = PBXBuildFile; fileRef = AE650D3A25CF09A0008C6D4C /* UtilInternet.swift */; };
		AE650D3F25CF0A8B008C6D4C /* ContatoResult.swift in Sources */ = {isa = PBXBuildFile; fileRef = AE650D3E25CF0A8B008C6D4C /* ContatoResult.swift */; };
		AE650D4425CF0BD4008C6D4C /* ROTAS.swift in Sources */ = {isa = PBXBuildFile; fileRef = AE650D4325CF0BD4008C6D4C /* ROTAS.swift */; };
		AE650D4A25CF917F008C6D4C /* AddContatoViewController.swift in Sources */ = {isa = PBXBuildFile; fileRef = AE650D4825CF917F008C6D4C /* AddContatoViewController.swift */; };
		AE650D4B25CF917F008C6D4C /* AddContatoViewController.xib in Resources */ = {isa = PBXBuildFile; fileRef = AE650D4925CF917F008C6D4C /* AddContatoViewController.xib */; };
		AE650D5325CF96C5008C6D4C /* Roboto-Medium.ttf in Resources */ = {isa = PBXBuildFile; fileRef = AE650D5225CF96C5008C6D4C /* Roboto-Medium.ttf */; };
		AE650D5A25CFA2C0008C6D4C /* AddContatoViewControllerHandlers.swift in Sources */ = {isa = PBXBuildFile; fileRef = AE650D5925CFA2C0008C6D4C /* AddContatoViewControllerHandlers.swift */; };
		AE650D5F25CFA3E6008C6D4C /* ExtensionUIColor.swift in Sources */ = {isa = PBXBuildFile; fileRef = AE650D5E25CFA3E6008C6D4C /* ExtensionUIColor.swift */; };
/* End PBXBuildFile section */

/* Begin PBXFileReference section */
		07AD69A2BBC0001B86CEBD65 /* Pods-Promobit.release.xcconfig */ = {isa = PBXFileReference; includeInIndex = 1; lastKnownFileType = text.xcconfig; name = "Pods-Promobit.release.xcconfig"; path = "Target Support Files/Pods-Promobit/Pods-Promobit.release.xcconfig"; sourceTree = "<group>"; };
		AE650D1425CEFF95008C6D4C /* Promobit.app */ = {isa = PBXFileReference; explicitFileType = wrapper.application; includeInIndex = 0; path = Promobit.app; sourceTree = BUILT_PRODUCTS_DIR; };
		AE650D1725CEFF95008C6D4C /* AppDelegate.swift */ = {isa = PBXFileReference; lastKnownFileType = sourcecode.swift; path = AppDelegate.swift; sourceTree = "<group>"; };
		AE650D1B25CEFF95008C6D4C /* ViewController.swift */ = {isa = PBXFileReference; lastKnownFileType = sourcecode.swift; path = ViewController.swift; sourceTree = "<group>"; };
		AE650D1E25CEFF95008C6D4C /* Base */ = {isa = PBXFileReference; lastKnownFileType = file.storyboard; name = Base; path = Base.lproj/Main.storyboard; sourceTree = "<group>"; };
		AE650D2125CEFF95008C6D4C /* Promobit.xcdatamodel */ = {isa = PBXFileReference; lastKnownFileType = wrapper.xcdatamodel; path = Promobit.xcdatamodel; sourceTree = "<group>"; };
		AE650D2325CEFF96008C6D4C /* Assets.xcassets */ = {isa = PBXFileReference; lastKnownFileType = folder.assetcatalog; path = Assets.xcassets; sourceTree = "<group>"; };
		AE650D2625CEFF96008C6D4C /* Base */ = {isa = PBXFileReference; lastKnownFileType = file.storyboard; name = Base; path = Base.lproj/LaunchScreen.storyboard; sourceTree = "<group>"; };
		AE650D2825CEFF96008C6D4C /* Info.plist */ = {isa = PBXFileReference; lastKnownFileType = text.plist.xml; path = Info.plist; sourceTree = "<group>"; };
		AE650D3225CF01F5008C6D4C /* UtilAppDelegateViewController.swift */ = {isa = PBXFileReference; lastKnownFileType = sourcecode.swift; path = UtilAppDelegateViewController.swift; sourceTree = "<group>"; };
		AE650D3725CF0807008C6D4C /* Contato.swift */ = {isa = PBXFileReference; lastKnownFileType = sourcecode.swift; path = Contato.swift; sourceTree = "<group>"; };
		AE650D3A25CF09A0008C6D4C /* UtilInternet.swift */ = {isa = PBXFileReference; lastKnownFileType = sourcecode.swift; path = UtilInternet.swift; sourceTree = "<group>"; };
		AE650D3E25CF0A8B008C6D4C /* ContatoResult.swift */ = {isa = PBXFileReference; lastKnownFileType = sourcecode.swift; path = ContatoResult.swift; sourceTree = "<group>"; };
		AE650D4325CF0BD4008C6D4C /* ROTAS.swift */ = {isa = PBXFileReference; lastKnownFileType = sourcecode.swift; path = ROTAS.swift; sourceTree = "<group>"; };
		AE650D4825CF917F008C6D4C /* AddContatoViewController.swift */ = {isa = PBXFileReference; lastKnownFileType = sourcecode.swift; path = AddContatoViewController.swift; sourceTree = "<group>"; };
		AE650D4925CF917F008C6D4C /* AddContatoViewController.xib */ = {isa = PBXFileReference; lastKnownFileType = file.xib; path = AddContatoViewController.xib; sourceTree = "<group>"; };
		AE650D5225CF96C5008C6D4C /* Roboto-Medium.ttf */ = {isa = PBXFileReference; lastKnownFileType = file; path = "Roboto-Medium.ttf"; sourceTree = "<group>"; };
		AE650D5925CFA2C0008C6D4C /* AddContatoViewControllerHandlers.swift */ = {isa = PBXFileReference; lastKnownFileType = sourcecode.swift; path = AddContatoViewControllerHandlers.swift; sourceTree = "<group>"; };
		AE650D5E25CFA3E6008C6D4C /* ExtensionUIColor.swift */ = {isa = PBXFileReference; lastKnownFileType = sourcecode.swift; path = ExtensionUIColor.swift; sourceTree = "<group>"; };
		BA7CB50F433DBF17EA57B8B3 /* Pods_Promobit.framework */ = {isa = PBXFileReference; explicitFileType = wrapper.framework; includeInIndex = 0; path = Pods_Promobit.framework; sourceTree = BUILT_PRODUCTS_DIR; };
		C6DF5F90A1C6520187E8F171 /* Pods-Promobit.debug.xcconfig */ = {isa = PBXFileReference; includeInIndex = 1; lastKnownFileType = text.xcconfig; name = "Pods-Promobit.debug.xcconfig"; path = "Target Support Files/Pods-Promobit/Pods-Promobit.debug.xcconfig"; sourceTree = "<group>"; };
/* End PBXFileReference section */

/* Begin PBXFrameworksBuildPhase section */
		AE650D1125CEFF95008C6D4C /* Frameworks */ = {
			isa = PBXFrameworksBuildPhase;
			buildActionMask = 2147483647;
			files = (
				64AD016EFB9C7F72F730C8BA /* Pods_Promobit.framework in Frameworks */,
			);
			runOnlyForDeploymentPostprocessing = 0;
		};
/* End PBXFrameworksBuildPhase section */

/* Begin PBXGroup section */
		5BE14861EABC907306681F5D /* Frameworks */ = {
			isa = PBXGroup;
			children = (
				BA7CB50F433DBF17EA57B8B3 /* Pods_Promobit.framework */,
			);
			name = Frameworks;
			sourceTree = "<group>";
		};
		AE650D0B25CEFF95008C6D4C = {
			isa = PBXGroup;
			children = (
				AE650D1625CEFF95008C6D4C /* Promobit */,
				AE650D1525CEFF95008C6D4C /* Products */,
				D34AE1C6A098FD4A67262F3C /* Pods */,
				5BE14861EABC907306681F5D /* Frameworks */,
			);
			sourceTree = "<group>";
		};
		AE650D1525CEFF95008C6D4C /* Products */ = {
			isa = PBXGroup;
			children = (
				AE650D1425CEFF95008C6D4C /* Promobit.app */,
			);
			name = Products;
			sourceTree = "<group>";
		};
		AE650D1625CEFF95008C6D4C /* Promobit */ = {
			isa = PBXGroup;
			children = (
				AE650D5D25CFA3B6008C6D4C /* Extensions */,
				AE650D4E25CF94B5008C6D4C /* Fonts */,
				AE650D4725CF9168008C6D4C /* View */,
				AE650D4225CF0BAD008C6D4C /* Constantes */,
				AE650D3D25CF0A79008C6D4C /* Result */,
				AE650D3625CF07E8008C6D4C /* Entidade */,
				AE650D3125CF01C1008C6D4C /* Util */,
				AE650D1725CEFF95008C6D4C /* AppDelegate.swift */,
				AE650D1B25CEFF95008C6D4C /* ViewController.swift */,
				AE650D1D25CEFF95008C6D4C /* Main.storyboard */,
				AE650D2325CEFF96008C6D4C /* Assets.xcassets */,
				AE650D2525CEFF96008C6D4C /* LaunchScreen.storyboard */,
				AE650D2825CEFF96008C6D4C /* Info.plist */,
				AE650D2025CEFF95008C6D4C /* Promobit.xcdatamodeld */,
			);
			path = Promobit;
			sourceTree = "<group>";
		};
		AE650D3125CF01C1008C6D4C /* Util */ = {
			isa = PBXGroup;
			children = (
				AE650D3225CF01F5008C6D4C /* UtilAppDelegateViewController.swift */,
				AE650D3A25CF09A0008C6D4C /* UtilInternet.swift */,
			);
			path = Util;
			sourceTree = "<group>";
		};
		AE650D3625CF07E8008C6D4C /* Entidade */ = {
			isa = PBXGroup;
			children = (
				AE650D3725CF0807008C6D4C /* Contato.swift */,
			);
			path = Entidade;
			sourceTree = "<group>";
		};
		AE650D3D25CF0A79008C6D4C /* Result */ = {
			isa = PBXGroup;
			children = (
				AE650D3E25CF0A8B008C6D4C /* ContatoResult.swift */,
			);
			path = Result;
			sourceTree = "<group>";
		};
		AE650D4225CF0BAD008C6D4C /* Constantes */ = {
			isa = PBXGroup;
			children = (
				AE650D4325CF0BD4008C6D4C /* ROTAS.swift */,
			);
			path = Constantes;
			sourceTree = "<group>";
		};
		AE650D4725CF9168008C6D4C /* View */ = {
			isa = PBXGroup;
			children = (
				AE650D5925CFA2C0008C6D4C /* AddContatoViewControllerHandlers.swift */,
				AE650D4825CF917F008C6D4C /* AddContatoViewController.swift */,
				AE650D4925CF917F008C6D4C /* AddContatoViewController.xib */,
			);
			path = View;
			sourceTree = "<group>";
		};
		AE650D4E25CF94B5008C6D4C /* Fonts */ = {
			isa = PBXGroup;
			children = (
				AE650D5225CF96C5008C6D4C /* Roboto-Medium.ttf */,
			);
			path = Fonts;
			sourceTree = "<group>";
		};
		AE650D5D25CFA3B6008C6D4C /* Extensions */ = {
			isa = PBXGroup;
			children = (
				AE650D5E25CFA3E6008C6D4C /* ExtensionUIColor.swift */,
			);
			path = Extensions;
			sourceTree = "<group>";
		};
		D34AE1C6A098FD4A67262F3C /* Pods */ = {
			isa = PBXGroup;
			children = (
				C6DF5F90A1C6520187E8F171 /* Pods-Promobit.debug.xcconfig */,
				07AD69A2BBC0001B86CEBD65 /* Pods-Promobit.release.xcconfig */,
			);
			path = Pods;
			sourceTree = "<group>";
		};
/* End PBXGroup section */

/* Begin PBXNativeTarget section */
		AE650D1325CEFF95008C6D4C /* Promobit */ = {
			isa = PBXNativeTarget;
			buildConfigurationList = AE650D2B25CEFF96008C6D4C /* Build configuration list for PBXNativeTarget "Promobit" */;
			buildPhases = (
				B1B1FB851A5E92ED89202B57 /* [CP] Check Pods Manifest.lock */,
				AE650D1025CEFF95008C6D4C /* Sources */,
				AE650D1125CEFF95008C6D4C /* Frameworks */,
				AE650D1225CEFF95008C6D4C /* Resources */,
				9E0A3A59E326E3F1AD70AE69 /* [CP] Embed Pods Frameworks */,
			);
			buildRules = (
			);
			dependencies = (
			);
			name = Promobit;
			productName = Promobit;
			productReference = AE650D1425CEFF95008C6D4C /* Promobit.app */;
			productType = "com.apple.product-type.application";
		};
/* End PBXNativeTarget section */

/* Begin PBXProject section */
		AE650D0C25CEFF95008C6D4C /* Project object */ = {
			isa = PBXProject;
			attributes = {
				LastSwiftUpdateCheck = 1230;
				LastUpgradeCheck = 1230;
				TargetAttributes = {
					AE650D1325CEFF95008C6D4C = {
						CreatedOnToolsVersion = 12.3;
					};
				};
			};
			buildConfigurationList = AE650D0F25CEFF95008C6D4C /* Build configuration list for PBXProject "Promobit" */;
			compatibilityVersion = "Xcode 9.3";
			developmentRegion = en;
			hasScannedForEncodings = 0;
			knownRegions = (
				en,
				Base,
			);
			mainGroup = AE650D0B25CEFF95008C6D4C;
			productRefGroup = AE650D1525CEFF95008C6D4C /* Products */;
			projectDirPath = "";
			projectRoot = "";
			targets = (
				AE650D1325CEFF95008C6D4C /* Promobit */,
			);
		};
/* End PBXProject section */

/* Begin PBXResourcesBuildPhase section */
		AE650D1225CEFF95008C6D4C /* Resources */ = {
			isa = PBXResourcesBuildPhase;
			buildActionMask = 2147483647;
			files = (
				AE650D2725CEFF96008C6D4C /* LaunchScreen.storyboard in Resources */,
				AE650D5325CF96C5008C6D4C /* Roboto-Medium.ttf in Resources */,
				AE650D4B25CF917F008C6D4C /* AddContatoViewController.xib in Resources */,
				AE650D2425CEFF96008C6D4C /* Assets.xcassets in Resources */,
				AE650D1F25CEFF95008C6D4C /* Main.storyboard in Resources */,
			);
			runOnlyForDeploymentPostprocessing = 0;
		};
/* End PBXResourcesBuildPhase section */

/* Begin PBXShellScriptBuildPhase section */
		9E0A3A59E326E3F1AD70AE69 /* [CP] Embed Pods Frameworks */ = {
			isa = PBXShellScriptBuildPhase;
			buildActionMask = 2147483647;
			files = (
			);
			inputFileListPaths = (
				"${PODS_ROOT}/Target Support Files/Pods-Promobit/Pods-Promobit-frameworks-${CONFIGURATION}-input-files.xcfilelist",
			);
			name = "[CP] Embed Pods Frameworks";
			outputFileListPaths = (
				"${PODS_ROOT}/Target Support Files/Pods-Promobit/Pods-Promobit-frameworks-${CONFIGURATION}-output-files.xcfilelist",
			);
			runOnlyForDeploymentPostprocessing = 0;
			shellPath = /bin/sh;
			shellScript = "\"${PODS_ROOT}/Target Support Files/Pods-Promobit/Pods-Promobit-frameworks.sh\"\n";
			showEnvVarsInLog = 0;
		};
		B1B1FB851A5E92ED89202B57 /* [CP] Check Pods Manifest.lock */ = {
			isa = PBXShellScriptBuildPhase;
			buildActionMask = 2147483647;
			files = (
			);
			inputFileListPaths = (
			);
			inputPaths = (
				"${PODS_PODFILE_DIR_PATH}/Podfile.lock",
				"${PODS_ROOT}/Manifest.lock",
			);
			name = "[CP] Check Pods Manifest.lock";
			outputFileListPaths = (
			);
			outputPaths = (
				"$(DERIVED_FILE_DIR)/Pods-Promobit-checkManifestLockResult.txt",
			);
			runOnlyForDeploymentPostprocessing = 0;
			shellPath = /bin/sh;
			shellScript = "diff \"${PODS_PODFILE_DIR_PATH}/Podfile.lock\" \"${PODS_ROOT}/Manifest.lock\" > /dev/null\nif [ $? != 0 ] ; then\n    # print error to STDERR\n    echo \"error: The sandbox is not in sync with the Podfile.lock. Run 'pod install' or update your CocoaPods installation.\" >&2\n    exit 1\nfi\n# This output is used by Xcode 'outputs' to avoid re-running this script phase.\necho \"SUCCESS\" > \"${SCRIPT_OUTPUT_FILE_0}\"\n";
			showEnvVarsInLog = 0;
		};
/* End PBXShellScriptBuildPhase section */

/* Begin PBXSourcesBuildPhase section */
		AE650D1025CEFF95008C6D4C /* Sources */ = {
			isa = PBXSourcesBuildPhase;
			buildActionMask = 2147483647;
			files = (
				AE650D4A25CF917F008C6D4C /* AddContatoViewController.swift in Sources */,
				AE650D1C25CEFF95008C6D4C /* ViewController.swift in Sources */,
				AE650D2225CEFF95008C6D4C /* Promobit.xcdatamodeld in Sources */,
				AE650D1825CEFF95008C6D4C /* AppDelegate.swift in Sources */,
				AE650D3F25CF0A8B008C6D4C /* ContatoResult.swift in Sources */,
				AE650D3825CF0807008C6D4C /* Contato.swift in Sources */,
				AE650D3B25CF09A0008C6D4C /* UtilInternet.swift in Sources */,
				AE650D3325CF01F5008C6D4C /* UtilAppDelegateViewController.swift in Sources */,
				AE650D5A25CFA2C0008C6D4C /* AddContatoViewControllerHandlers.swift in Sources */,
				AE650D4425CF0BD4008C6D4C /* ROTAS.swift in Sources */,
				AE650D5F25CFA3E6008C6D4C /* ExtensionUIColor.swift in Sources */,
			);
			runOnlyForDeploymentPostprocessing = 0;
		};
/* End PBXSourcesBuildPhase section */

/* Begin PBXVariantGroup section */
		AE650D1D25CEFF95008C6D4C /* Main.storyboard */ = {
			isa = PBXVariantGroup;
			children = (
				AE650D1E25CEFF95008C6D4C /* Base */,
			);
			name = Main.storyboard;
			sourceTree = "<group>";
		};
		AE650D2525CEFF96008C6D4C /* LaunchScreen.storyboard */ = {
			isa = PBXVariantGroup;
			children = (
				AE650D2625CEFF96008C6D4C /* Base */,
			);
			name = LaunchScreen.storyboard;
			sourceTree = "<group>";
		};
/* End PBXVariantGroup section */

/* Begin XCBuildConfiguration section */
		AE650D2925CEFF96008C6D4C /* Debug */ = {
			isa = XCBuildConfiguration;
			buildSettings = {
				ALWAYS_SEARCH_USER_PATHS = NO;
				CLANG_ANALYZER_NONNULL = YES;
				CLANG_ANALYZER_NUMBER_OBJECT_CONVERSION = YES_AGGRESSIVE;
				CLANG_CXX_LANGUAGE_STANDARD = "gnu++14";
				CLANG_CXX_LIBRARY = "libc++";
				CLANG_ENABLE_MODULES = YES;
				CLANG_ENABLE_OBJC_ARC = YES;
				CLANG_ENABLE_OBJC_WEAK = YES;
				CLANG_WARN_BLOCK_CAPTURE_AUTORELEASING = YES;
				CLANG_WARN_BOOL_CONVERSION = YES;
				CLANG_WARN_COMMA = YES;
				CLANG_WARN_CONSTANT_CONVERSION = YES;
				CLANG_WARN_DEPRECATED_OBJC_IMPLEMENTATIONS = YES;
				CLANG_WARN_DIRECT_OBJC_ISA_USAGE = YES_ERROR;
				CLANG_WARN_DOCUMENTATION_COMMENTS = YES;
				CLANG_WARN_EMPTY_BODY = YES;
				CLANG_WARN_ENUM_CONVERSION = YES;
				CLANG_WARN_INFINITE_RECURSION = YES;
				CLANG_WARN_INT_CONVERSION = YES;
				CLANG_WARN_NON_LITERAL_NULL_CONVERSION = YES;
				CLANG_WARN_OBJC_IMPLICIT_RETAIN_SELF = YES;
				CLANG_WARN_OBJC_LITERAL_CONVERSION = YES;
				CLANG_WARN_OBJC_ROOT_CLASS = YES_ERROR;
				CLANG_WARN_QUOTED_INCLUDE_IN_FRAMEWORK_HEADER = YES;
				CLANG_WARN_RANGE_LOOP_ANALYSIS = YES;
				CLANG_WARN_STRICT_PROTOTYPES = YES;
				CLANG_WARN_SUSPICIOUS_MOVE = YES;
				CLANG_WARN_UNGUARDED_AVAILABILITY = YES_AGGRESSIVE;
				CLANG_WARN_UNREACHABLE_CODE = YES;
				CLANG_WARN__DUPLICATE_METHOD_MATCH = YES;
				COPY_PHASE_STRIP = NO;
				DEBUG_INFORMATION_FORMAT = dwarf;
				ENABLE_STRICT_OBJC_MSGSEND = YES;
				ENABLE_TESTABILITY = YES;
				GCC_C_LANGUAGE_STANDARD = gnu11;
				GCC_DYNAMIC_NO_PIC = NO;
				GCC_NO_COMMON_BLOCKS = YES;
				GCC_OPTIMIZATION_LEVEL = 0;
				GCC_PREPROCESSOR_DEFINITIONS = (
					"DEBUG=1",
					"$(inherited)",
				);
				GCC_WARN_64_TO_32_BIT_CONVERSION = YES;
				GCC_WARN_ABOUT_RETURN_TYPE = YES_ERROR;
				GCC_WARN_UNDECLARED_SELECTOR = YES;
				GCC_WARN_UNINITIALIZED_AUTOS = YES_AGGRESSIVE;
				GCC_WARN_UNUSED_FUNCTION = YES;
				GCC_WARN_UNUSED_VARIABLE = YES;
				IPHONEOS_DEPLOYMENT_TARGET = 14.3;
				MTL_ENABLE_DEBUG_INFO = INCLUDE_SOURCE;
				MTL_FAST_MATH = YES;
				ONLY_ACTIVE_ARCH = YES;
				SDKROOT = iphoneos;
				SWIFT_ACTIVE_COMPILATION_CONDITIONS = DEBUG;
				SWIFT_OPTIMIZATION_LEVEL = "-Onone";
			};
			name = Debug;
		};
		AE650D2A25CEFF96008C6D4C /* Release */ = {
			isa = XCBuildConfiguration;
			buildSettings = {
				ALWAYS_SEARCH_USER_PATHS = NO;
				CLANG_ANALYZER_NONNULL = YES;
				CLANG_ANALYZER_NUMBER_OBJECT_CONVERSION = YES_AGGRESSIVE;
				CLANG_CXX_LANGUAGE_STANDARD = "gnu++14";
				CLANG_CXX_LIBRARY = "libc++";
				CLANG_ENABLE_MODULES = YES;
				CLANG_ENABLE_OBJC_ARC = YES;
				CLANG_ENABLE_OBJC_WEAK = YES;
				CLANG_WARN_BLOCK_CAPTURE_AUTORELEASING = YES;
				CLANG_WARN_BOOL_CONVERSION = YES;
				CLANG_WARN_COMMA = YES;
				CLANG_WARN_CONSTANT_CONVERSION = YES;
				CLANG_WARN_DEPRECATED_OBJC_IMPLEMENTATIONS = YES;
				CLANG_WARN_DIRECT_OBJC_ISA_USAGE = YES_ERROR;
				CLANG_WARN_DOCUMENTATION_COMMENTS = YES;
				CLANG_WARN_EMPTY_BODY = YES;
				CLANG_WARN_ENUM_CONVERSION = YES;
				CLANG_WARN_INFINITE_RECURSION = YES;
				CLANG_WARN_INT_CONVERSION = YES;
				CLANG_WARN_NON_LITERAL_NULL_CONVERSION = YES;
				CLANG_WARN_OBJC_IMPLICIT_RETAIN_SELF = YES;
				CLANG_WARN_OBJC_LITERAL_CONVERSION = YES;
				CLANG_WARN_OBJC_ROOT_CLASS = YES_ERROR;
				CLANG_WARN_QUOTED_INCLUDE_IN_FRAMEWORK_HEADER = YES;
				CLANG_WARN_RANGE_LOOP_ANALYSIS = YES;
				CLANG_WARN_STRICT_PROTOTYPES = YES;
				CLANG_WARN_SUSPICIOUS_MOVE = YES;
				CLANG_WARN_UNGUARDED_AVAILABILITY = YES_AGGRESSIVE;
				CLANG_WARN_UNREACHABLE_CODE = YES;
				CLANG_WARN__DUPLICATE_METHOD_MATCH = YES;
				COPY_PHASE_STRIP = NO;
				DEBUG_INFORMATION_FORMAT = "dwarf-with-dsym";
				ENABLE_NS_ASSERTIONS = NO;
				ENABLE_STRICT_OBJC_MSGSEND = YES;
				GCC_C_LANGUAGE_STANDARD = gnu11;
				GCC_NO_COMMON_BLOCKS = YES;
				GCC_WARN_64_TO_32_BIT_CONVERSION = YES;
				GCC_WARN_ABOUT_RETURN_TYPE = YES_ERROR;
				GCC_WARN_UNDECLARED_SELECTOR = YES;
				GCC_WARN_UNINITIALIZED_AUTOS = YES_AGGRESSIVE;
				GCC_WARN_UNUSED_FUNCTION = YES;
				GCC_WARN_UNUSED_VARIABLE = YES;
				IPHONEOS_DEPLOYMENT_TARGET = 14.3;
				MTL_ENABLE_DEBUG_INFO = NO;
				MTL_FAST_MATH = YES;
				SDKROOT = iphoneos;
				SWIFT_COMPILATION_MODE = wholemodule;
				SWIFT_OPTIMIZATION_LEVEL = "-O";
				VALIDATE_PRODUCT = YES;
			};
			name = Release;
		};
		AE650D2C25CEFF96008C6D4C /* Debug */ = {
			isa = XCBuildConfiguration;
			baseConfigurationReference = C6DF5F90A1C6520187E8F171 /* Pods-Promobit.debug.xcconfig */;
			buildSettings = {
				ASSETCATALOG_COMPILER_APPICON_NAME = AppIcon;
				ASSETCATALOG_COMPILER_GLOBAL_ACCENT_COLOR_NAME = AccentColor;
				CODE_SIGN_STYLE = Automatic;
				DEVELOPMENT_TEAM = PZFD248T5D;
				INFOPLIST_FILE = Promobit/Info.plist;
				IPHONEOS_DEPLOYMENT_TARGET = 11.0;
				LD_RUNPATH_SEARCH_PATHS = (
					"$(inherited)",
					"@executable_path/Frameworks",
				);
				PRODUCT_BUNDLE_IDENTIFIER = professoraecio.Promobit;
				PRODUCT_NAME = "$(TARGET_NAME)";
				SWIFT_VERSION = 5.0;
				TARGETED_DEVICE_FAMILY = "1,2";
			};
			name = Debug;
		};
		AE650D2D25CEFF96008C6D4C /* Release */ = {
			isa = XCBuildConfiguration;
			baseConfigurationReference = 07AD69A2BBC0001B86CEBD65 /* Pods-Promobit.release.xcconfig */;
			buildSettings = {
				ASSETCATALOG_COMPILER_APPICON_NAME = AppIcon;
				ASSETCATALOG_COMPILER_GLOBAL_ACCENT_COLOR_NAME = AccentColor;
				CODE_SIGN_STYLE = Automatic;
				DEVELOPMENT_TEAM = PZFD248T5D;
				INFOPLIST_FILE = Promobit/Info.plist;
				IPHONEOS_DEPLOYMENT_TARGET = 11.0;
				LD_RUNPATH_SEARCH_PATHS = (
					"$(inherited)",
					"@executable_path/Frameworks",
				);
				PRODUCT_BUNDLE_IDENTIFIER = professoraecio.Promobit;
				PRODUCT_NAME = "$(TARGET_NAME)";
				SWIFT_VERSION = 5.0;
				TARGETED_DEVICE_FAMILY = "1,2";
			};
			name = Release;
		};
/* End XCBuildConfiguration section */

/* Begin XCConfigurationList section */
		AE650D0F25CEFF95008C6D4C /* Build configuration list for PBXProject "Promobit" */ = {
			isa = XCConfigurationList;
			buildConfigurations = (
				AE650D2925CEFF96008C6D4C /* Debug */,
				AE650D2A25CEFF96008C6D4C /* Release */,
			);
			defaultConfigurationIsVisible = 0;
			defaultConfigurationName = Release;
		};
		AE650D2B25CEFF96008C6D4C /* Build configuration list for PBXNativeTarget "Promobit" */ = {
			isa = XCConfigurationList;
			buildConfigurations = (
				AE650D2C25CEFF96008C6D4C /* Debug */,
				AE650D2D25CEFF96008C6D4C /* Release */,
			);
			defaultConfigurationIsVisible = 0;
			defaultConfigurationName = Release;
		};
/* End XCConfigurationList section */

/* Begin XCVersionGroup section */
		AE650D2025CEFF95008C6D4C /* Promobit.xcdatamodeld */ = {
			isa = XCVersionGroup;
			children = (
				AE650D2125CEFF95008C6D4C /* Promobit.xcdatamodel */,
			);
			currentVersion = AE650D2125CEFF95008C6D4C /* Promobit.xcdatamodel */;
			path = Promobit.xcdatamodeld;
			sourceTree = "<group>";
			versionGroupType = wrapper.xcdatamodel;
		};
/* End XCVersionGroup section */
	};
	rootObject = AE650D0C25CEFF95008C6D4C /* Project object */;
}
